
Microsoft Visual Studio Solution File, Format Version 9.00
# Visual Studio 2005
Project("{FAE04EC0-301F-11D3-BF4B-00C04F79EFBC}") = "GameLogic", "SmartTank\GameLogic.csproj", "{26F35A75-9D12-460B-995F-ADF6B500CA1B}"
EndProject
Project("{FAE04EC0-301F-11D3-BF4B-00C04F79EFBC}") = "InterRules", "InterRules\InterRules.csproj", "{4162EAC9-E809-4ECD-BA01-1427A81B590F}"
	ProjectSection(ProjectDependencies) = postProject
		{26F35A75-9D12-460B-995F-ADF6B500CA1B} = {26F35A75-9D12-460B-995F-ADF6B500CA1B}
	EndProjectSection
EndProject
Project("{FAE04EC0-301F-11D3-BF4B-00C04F79EFBC}") = "Common", "Common\Common.csproj", "{F89C0267-5060-4FE3-AFD6-C832A9A9DD3D}"
EndProject
Project("{FAE04EC0-301F-11D3-BF4B-00C04F79EFBC}") = "GameEngine", "GameEngine\GameEngine.csproj", "{D375D61C-D46E-4EB8-8DD1-43BCAB10AD35}"
EndProject
Project("{FAE04EC0-301F-11D3-BF4B-00C04F79EFBC}") = "GameTest", "GameTest\GameTest.csproj", "{06A876DE-1D3E-4C41-9F6E-1E4EC2B6F5C9}"
	ProjectSection(ProjectDependencies) = postProject
		{D375D61C-D46E-4EB8-8DD1-43BCAB10AD35} = {D375D61C-D46E-4EB8-8DD1-43BCAB10AD35}
		{F89C0267-5060-4FE3-AFD6-C832A9A9DD3D} = {F89C0267-5060-4FE3-AFD6-C832A9A9DD3D}
	EndProjectSection
EndProject
Global
	GlobalSection(SolutionConfigurationPlatforms) = preSolution
		Debug|Any CPU = Debug|Any CPU
		Debug|Mixed Platforms = Debug|Mixed Platforms
		Debug|x86 = Debug|x86
		Release|Any CPU = Release|Any CPU
		Release|Mixed Platforms = Release|Mixed Platforms
		Release|x86 = Release|x86
	EndGlobalSection
	GlobalSection(ProjectConfigurationPlatforms) = postSolution
		{26F35A75-9D12-460B-995F-ADF6B500CA1B}.Debug|Any CPU.ActiveCfg = Debug|x86
		{26F35A75-9D12-460B-995F-ADF6B500CA1B}.Debug|Mixed Platforms.ActiveCfg = Debug|x86
		{26F35A75-9D12-460B-995F-ADF6B500CA1B}.Debug|Mixed Platforms.Build.0 = Debug|x86
		{26F35A75-9D12-460B-995F-ADF6B500CA1B}.Debug|x86.ActiveCfg = Debug|x86
		{26F35A75-9D12-460B-995F-ADF6B500CA1B}.Debug|x86.Build.0 = Debug|x86
		{26F35A75-9D12-460B-995F-ADF6B500CA1B}.Release|Any CPU.ActiveCfg = Release|x86
		{26F35A75-9D12-460B-995F-ADF6B500CA1B}.Release|Mixed Platforms.ActiveCfg = Release|x86
		{26F35A75-9D12-460B-995F-ADF6B500CA1B}.Release|Mixed Platforms.Build.0 = Release|x86
		{26F35A75-9D12-460B-995F-ADF6B500CA1B}.Release|x86.ActiveCfg = Release|x86
		{26F35A75-9D12-460B-995F-ADF6B500CA1B}.Release|x86.Build.0 = Release|x86
		{4162EAC9-E809-4ECD-BA01-1427A81B590F}.Debug|Any CPU.ActiveCfg = Debug|Any CPU
		{4162EAC9-E809-4ECD-BA01-1427A81B590F}.Debug|Any CPU.Build.0 = Debug|Any CPU
		{4162EAC9-E809-4ECD-BA01-1427A81B590F}.Debug|Mixed Platforms.ActiveCfg = Debug|Any CPU
		{4162EAC9-E809-4ECD-BA01-1427A81B590F}.Debug|Mixed Platforms.Build.0 = Debug|Any CPU
		{4162EAC9-E809-4ECD-BA01-1427A81B590F}.Debug|x86.ActiveCfg = Debug|Any CPU
		{4162EAC9-E809-4ECD-BA01-1427A81B590F}.Release|Any CPU.ActiveCfg = Release|Any CPU
		{4162EAC9-E809-4ECD-BA01-1427A81B590F}.Release|Any CPU.Build.0 = Release|Any CPU
		{4162EAC9-E809-4ECD-BA01-1427A81B590F}.Release|Mixed Platforms.ActiveCfg = Release|Any CPU
		{4162EAC9-E809-4ECD-BA01-1427A81B590F}.Release|Mixed Platforms.Build.0 = Release|Any CPU
		{4162EAC9-E809-4ECD-BA01-1427A81B590F}.Release|x86.ActiveCfg = Release|Any CPU
		{F89C0267-5060-4FE3-AFD6-C832A9A9DD3D}.Debug|Any CPU.ActiveCfg = Debug|Any CPU
		{F89C0267-5060-4FE3-AFD6-C832A9A9DD3D}.Debug|Any CPU.Build.0 = Debug|Any CPU
		{F89C0267-5060-4FE3-AFD6-C832A9A9DD3D}.Debug|Mixed Platforms.ActiveCfg = Debug|Any CPU
		{F89C0267-5060-4FE3-AFD6-C832A9A9DD3D}.Debug|Mixed Platforms.Build.0 = Debug|Any CPU
		{F89C0267-5060-4FE3-AFD6-C832A9A9DD3D}.Debug|x86.ActiveCfg = Debug|Any CPU
		{F89C0267-5060-4FE3-AFD6-C832A9A9DD3D}.Release|Any CPU.ActiveCfg = Release|Any CPU
		{F89C0267-5060-4FE3-AFD6-C832A9A9DD3D}.Release|Any CPU.Build.0 = Release|Any CPU
		{F89C0267-5060-4FE3-AFD6-C832A9A9DD3D}.Release|Mixed Platforms.ActiveCfg = Release|Any CPU
		{F89C0267-5060-4FE3-AFD6-C832A9A9DD3D}.Release|Mixed Platforms.Build.0 = Release|Any CPU
		{F89C0267-5060-4FE3-AFD6-C832A9A9DD3D}.Release|x86.ActiveCfg = Release|Any CPU
		{D375D61C-D46E-4EB8-8DD1-43BCAB10AD35}.Debug|Any CPU.ActiveCfg = Debug|Any CPU
		{D375D61C-D46E-4EB8-8DD1-43BCAB10AD35}.Debug|Any CPU.Build.0 = Debug|Any CPU
		{D375D61C-D46E-4EB8-8DD1-43BCAB10AD35}.Debug|Mixed Platforms.ActiveCfg = Debug|Any CPU
		{D375D61C-D46E-4EB8-8DD1-43BCAB10AD35}.Debug|Mixed Platforms.Build.0 = Debug|Any CPU
		{D375D61C-D46E-4EB8-8DD1-43BCAB10AD35}.Debug|x86.ActiveCfg = Debug|Any CPU
		{D375D61C-D46E-4EB8-8DD1-43BCAB10AD35}.Release|Any CPU.ActiveCfg = Release|Any CPU
		{D375D61C-D46E-4EB8-8DD1-43BCAB10AD35}.Release|Any CPU.Build.0 = Release|Any CPU
		{D375D61C-D46E-4EB8-8DD1-43BCAB10AD35}.Release|Mixed Platforms.ActiveCfg = Release|Any CPU
		{D375D61C-D46E-4EB8-8DD1-43BCAB10AD35}.Release|Mixed Platforms.Build.0 = Release|Any CPU
		{D375D61C-D46E-4EB8-8DD1-43BCAB10AD35}.Release|x86.ActiveCfg = Release|Any CPU
		{06A876DE-1D3E-4C41-9F6E-1E4EC2B6F5C9}.Debug|Any CPU.ActiveCfg = Debug|x86
		{06A876DE-1D3E-4C41-9F6E-1E4EC2B6F5C9}.Debug|Mixed Platforms.ActiveCfg = Debug|x86
		{06A876DE-1D3E-4C41-9F6E-1E4EC2B6F5C9}.Debug|Mixed Platforms.Build.0 = Debug|x86
		{06A876DE-1D3E-4C41-9F6E-1E4EC2B6F5C9}.Debug|x86.ActiveCfg = Debug|x86
		{06A876DE-1D3E-4C41-9F6E-1E4EC2B6F5C9}.Debug|x86.Build.0 = Debug|x86
		{06A876DE-1D3E-4C41-9F6E-1E4EC2B6F5C9}.Release|Any CPU.ActiveCfg = Release|x86
		{06A876DE-1D3E-4C41-9F6E-1E4EC2B6F5C9}.Release|Mixed Platforms.ActiveCfg = Release|x86
		{06A876DE-1D3E-4C41-9F6E-1E4EC2B6F5C9}.Release|Mixed Platforms.Build.0 = Release|x86
		{06A876DE-1D3E-4C41-9F6E-1E4EC2B6F5C9}.Release|x86.ActiveCfg = Release|x86
		{06A876DE-1D3E-4C41-9F6E-1E4EC2B6F5C9}.Release|x86.Build.0 = Release|x86
		{25611701-DB9B-4BED-B32A-48351CA622CA}.Debug|Any CPU.ActiveCfg = Debug|x86
		{25611701-DB9B-4BED-B32A-48351CA622CA}.Debug|Mixed Platforms.ActiveCfg = Debug|x86
		{25611701-DB9B-4BED-B32A-48351CA622CA}.Debug|x86.ActiveCfg = Debug|x86
		{25611701-DB9B-4BED-B32A-48351CA622CA}.Release|Any CPU.ActiveCfg = Release|x86
		{25611701-DB9B-4BED-B32A-48351CA622CA}.Release|Mixed Platforms.ActiveCfg = Release|x86
		{25611701-DB9B-4BED-B32A-48351CA622CA}.Release|x86.ActiveCfg = Release|x86
	EndGlobalSection
	GlobalSection(SolutionProperties) = preSolution
		HideSolutionNode = FALSE
	EndGlobalSection
EndGlobal
