
Microsoft Visual Studio Solution File, Format Version 9.00
# Visual C# Express 2005
Project("{FAE04EC0-301F-11D3-BF4B-00C04F79EFBC}") = "SmartTank", "SmartTank\SmartTank.csproj", "{C00470B0-F301-4141-A737-5865E46F633F}"
	ProjectSection(ProjectDependencies) = postProject
		{C0BB26FB-A897-4F30-A951-2F67892C0972} = {C0BB26FB-A897-4F30-A951-2F67892C0972}
	EndProjectSection
EndProject
Project("{FAE04EC0-301F-11D3-BF4B-00C04F79EFBC}") = "TankEngine2D", "TankEngine2D\TankEngine2D.csproj", "{C0BB26FB-A897-4F30-A951-2F67892C0972}"
EndProject
Project("{FAE04EC0-301F-11D3-BF4B-00C04F79EFBC}") = "InterRules", "InterRules\InterRules.csproj", "{4162EAC9-E809-4ECD-BA01-1427A81B590F}"
	ProjectSection(ProjectDependencies) = postProject
		{C00470B0-F301-4141-A737-5865E46F633F} = {C00470B0-F301-4141-A737-5865E46F633F}
	EndProjectSection
EndProject
Project("{FAE04EC0-301F-11D3-BF4B-00C04F79EFBC}") = "AssetRegister", "AssetRegister\AssetRegister.csproj", "{7233F5A9-314D-4D94-955F-B1FF20E99785}"
	ProjectSection(ProjectDependencies) = postProject
		{C00470B0-F301-4141-A737-5865E46F633F} = {C00470B0-F301-4141-A737-5865E46F633F}
	EndProjectSection
EndProject
Project("{FAE04EC0-301F-11D3-BF4B-00C04F79EFBC}") = "GameObjEditer", "GameObjEditer\GameObjEditer.csproj", "{16CDB7DA-4ECD-43B7-804C-0B575ABCA948}"
	ProjectSection(ProjectDependencies) = postProject
		{C00470B0-F301-4141-A737-5865E46F633F} = {C00470B0-F301-4141-A737-5865E46F633F}
	EndProjectSection
EndProject
Project("{FAE04EC0-301F-11D3-BF4B-00C04F79EFBC}") = "MapEditer", "MapEditer\MapEditer.csproj", "{A7A0B57C-DA51-4EAD-B8E4-87DF307EA32C}"
	ProjectSection(ProjectDependencies) = postProject
		{C00470B0-F301-4141-A737-5865E46F633F} = {C00470B0-F301-4141-A737-5865E46F633F}
		{C0BB26FB-A897-4F30-A951-2F67892C0972} = {C0BB26FB-A897-4F30-A951-2F67892C0972}
	EndProjectSection
EndProject
Global
	GlobalSection(SolutionConfigurationPlatforms) = preSolution
		Debug|Any CPU = Debug|Any CPU
		Debug|Mixed Platforms = Debug|Mixed Platforms
		Debug|x86 = Debug|x86
		Release|Any CPU = Release|Any CPU
		Release|Mixed Platforms = Release|Mixed Platforms
		Release|x86 = Release|x86
	EndGlobalSection
	GlobalSection(ProjectConfigurationPlatforms) = postSolution
		{C00470B0-F301-4141-A737-5865E46F633F}.Debug|Any CPU.ActiveCfg = Debug|x86
		{C00470B0-F301-4141-A737-5865E46F633F}.Debug|Mixed Platforms.ActiveCfg = Debug|x86
		{C00470B0-F301-4141-A737-5865E46F633F}.Debug|Mixed Platforms.Build.0 = Debug|x86
		{C00470B0-F301-4141-A737-5865E46F633F}.Debug|x86.ActiveCfg = Debug|x86
		{C00470B0-F301-4141-A737-5865E46F633F}.Debug|x86.Build.0 = Debug|x86
		{C00470B0-F301-4141-A737-5865E46F633F}.Release|Any CPU.ActiveCfg = Release|x86
		{C00470B0-F301-4141-A737-5865E46F633F}.Release|Mixed Platforms.ActiveCfg = Release|x86
		{C00470B0-F301-4141-A737-5865E46F633F}.Release|Mixed Platforms.Build.0 = Release|x86
		{C00470B0-F301-4141-A737-5865E46F633F}.Release|x86.ActiveCfg = Release|x86
		{C00470B0-F301-4141-A737-5865E46F633F}.Release|x86.Build.0 = Release|x86
		{C0BB26FB-A897-4F30-A951-2F67892C0972}.Debug|Any CPU.ActiveCfg = Debug|x86
		{C0BB26FB-A897-4F30-A951-2F67892C0972}.Debug|Mixed Platforms.ActiveCfg = Debug|x86
		{C0BB26FB-A897-4F30-A951-2F67892C0972}.Debug|Mixed Platforms.Build.0 = Debug|x86
		{C0BB26FB-A897-4F30-A951-2F67892C0972}.Debug|x86.ActiveCfg = Debug|x86
		{C0BB26FB-A897-4F30-A951-2F67892C0972}.Debug|x86.Build.0 = Debug|x86
		{C0BB26FB-A897-4F30-A951-2F67892C0972}.Release|Any CPU.ActiveCfg = Release|x86
		{C0BB26FB-A897-4F30-A951-2F67892C0972}.Release|Mixed Platforms.ActiveCfg = Release|x86
		{C0BB26FB-A897-4F30-A951-2F67892C0972}.Release|Mixed Platforms.Build.0 = Release|x86
		{C0BB26FB-A897-4F30-A951-2F67892C0972}.Release|x86.ActiveCfg = Release|x86
		{C0BB26FB-A897-4F30-A951-2F67892C0972}.Release|x86.Build.0 = Release|x86
		{4162EAC9-E809-4ECD-BA01-1427A81B590F}.Debug|Any CPU.ActiveCfg = Debug|Any CPU
		{4162EAC9-E809-4ECD-BA01-1427A81B590F}.Debug|Any CPU.Build.0 = Debug|Any CPU
		{4162EAC9-E809-4ECD-BA01-1427A81B590F}.Debug|Mixed Platforms.ActiveCfg = Debug|Any CPU
		{4162EAC9-E809-4ECD-BA01-1427A81B590F}.Debug|Mixed Platforms.Build.0 = Debug|Any CPU
		{4162EAC9-E809-4ECD-BA01-1427A81B590F}.Debug|x86.ActiveCfg = Debug|Any CPU
		{4162EAC9-E809-4ECD-BA01-1427A81B590F}.Release|Any CPU.ActiveCfg = Release|Any CPU
		{4162EAC9-E809-4ECD-BA01-1427A81B590F}.Release|Any CPU.Build.0 = Release|Any CPU
		{4162EAC9-E809-4ECD-BA01-1427A81B590F}.Release|Mixed Platforms.ActiveCfg = Release|Any CPU
		{4162EAC9-E809-4ECD-BA01-1427A81B590F}.Release|Mixed Platforms.Build.0 = Release|Any CPU
		{4162EAC9-E809-4ECD-BA01-1427A81B590F}.Release|x86.ActiveCfg = Release|Any CPU
		{7233F5A9-314D-4D94-955F-B1FF20E99785}.Debug|Any CPU.ActiveCfg = Debug|x86
		{7233F5A9-314D-4D94-955F-B1FF20E99785}.Debug|Mixed Platforms.ActiveCfg = Debug|x86
		{7233F5A9-314D-4D94-955F-B1FF20E99785}.Debug|Mixed Platforms.Build.0 = Debug|x86
		{7233F5A9-314D-4D94-955F-B1FF20E99785}.Debug|x86.ActiveCfg = Debug|x86
		{7233F5A9-314D-4D94-955F-B1FF20E99785}.Debug|x86.Build.0 = Debug|x86
		{7233F5A9-314D-4D94-955F-B1FF20E99785}.Release|Any CPU.ActiveCfg = Release|x86
		{7233F5A9-314D-4D94-955F-B1FF20E99785}.Release|Mixed Platforms.ActiveCfg = Release|x86
		{7233F5A9-314D-4D94-955F-B1FF20E99785}.Release|Mixed Platforms.Build.0 = Release|x86
		{7233F5A9-314D-4D94-955F-B1FF20E99785}.Release|x86.ActiveCfg = Release|x86
		{7233F5A9-314D-4D94-955F-B1FF20E99785}.Release|x86.Build.0 = Release|x86
		{16CDB7DA-4ECD-43B7-804C-0B575ABCA948}.Debug|Any CPU.ActiveCfg = Debug|x86
		{16CDB7DA-4ECD-43B7-804C-0B575ABCA948}.Debug|Mixed Platforms.ActiveCfg = Debug|x86
		{16CDB7DA-4ECD-43B7-804C-0B575ABCA948}.Debug|Mixed Platforms.Build.0 = Debug|x86
		{16CDB7DA-4ECD-43B7-804C-0B575ABCA948}.Debug|x86.ActiveCfg = Debug|x86
		{16CDB7DA-4ECD-43B7-804C-0B575ABCA948}.Debug|x86.Build.0 = Debug|x86
		{16CDB7DA-4ECD-43B7-804C-0B575ABCA948}.Release|Any CPU.ActiveCfg = Release|x86
		{16CDB7DA-4ECD-43B7-804C-0B575ABCA948}.Release|Mixed Platforms.ActiveCfg = Release|x86
		{16CDB7DA-4ECD-43B7-804C-0B575ABCA948}.Release|Mixed Platforms.Build.0 = Release|x86
		{16CDB7DA-4ECD-43B7-804C-0B575ABCA948}.Release|x86.ActiveCfg = Release|x86
		{16CDB7DA-4ECD-43B7-804C-0B575ABCA948}.Release|x86.Build.0 = Release|x86
		{A7A0B57C-DA51-4EAD-B8E4-87DF307EA32C}.Debug|Any CPU.ActiveCfg = Debug|x86
		{A7A0B57C-DA51-4EAD-B8E4-87DF307EA32C}.Debug|Mixed Platforms.ActiveCfg = Debug|x86
		{A7A0B57C-DA51-4EAD-B8E4-87DF307EA32C}.Debug|Mixed Platforms.Build.0 = Debug|x86
		{A7A0B57C-DA51-4EAD-B8E4-87DF307EA32C}.Debug|x86.ActiveCfg = Debug|x86
		{A7A0B57C-DA51-4EAD-B8E4-87DF307EA32C}.Debug|x86.Build.0 = Debug|x86
		{A7A0B57C-DA51-4EAD-B8E4-87DF307EA32C}.Release|Any CPU.ActiveCfg = Release|x86
		{A7A0B57C-DA51-4EAD-B8E4-87DF307EA32C}.Release|Mixed Platforms.ActiveCfg = Release|x86
		{A7A0B57C-DA51-4EAD-B8E4-87DF307EA32C}.Release|Mixed Platforms.Build.0 = Release|x86
		{A7A0B57C-DA51-4EAD-B8E4-87DF307EA32C}.Release|x86.ActiveCfg = Release|x86
		{A7A0B57C-DA51-4EAD-B8E4-87DF307EA32C}.Release|x86.Build.0 = Release|x86
	EndGlobalSection
	GlobalSection(SolutionProperties) = preSolution
		HideSolutionNode = FALSE
	EndGlobalSection
EndGlobal
